
Microsoft Visual Studio Solution File, Format Version 12.00
# Visual Studio Version 16
VisualStudioVersion = 16.0.31624.102
MinimumVisualStudioVersion = 10.0.40219.1
Project("{8BC9CEB8-8B4A-11D0-8D11-00A0C91BC942}") = "zeros", "zeros\zeros.vcxproj", "{8A934172-63E4-4C6D-8A94-A8DEA54FA2D2}"
EndProject
Project("{8BC9CEB8-8B4A-11D0-8D11-00A0C91BC942}") = "swap", "swap\swap.vcxproj", "{855619E9-9564-4097-92A6-768334C5A55B}"
EndProject
Project("{8BC9CEB8-8B4A-11D0-8D11-00A0C91BC942}") = "quotient", "quotient\quotient.vcxproj", "{8DF6C10F-2710-4D1F-BC9D-8FDBDA521A9F}"
EndProject
Project("{8BC9CEB8-8B4A-11D0-8D11-00A0C91BC942}") = "tickets", "tickets\tickets.vcxproj", "{C68B6194-B919-4E21-9EFB-DE6402DEC152}"
EndProject
Project("{8BC9CEB8-8B4A-11D0-8D11-00A0C91BC942}") = "balance", "balance\balance.vcxproj", "{C162DD60-B894-45C0-9FC9-6D69C5D28087}"
EndProject
Project("{8BC9CEB8-8B4A-11D0-8D11-00A0C91BC942}") = "primes", "primes\primes.vcxproj", "{7A2F5A62-8080-4F22-9013-34F6C5838FFE}"
EndProject
Project("{8BC9CEB8-8B4A-11D0-8D11-00A0C91BC942}") = "substring", "substring\substring.vcxproj", "{D46EC423-7F36-45DF-9003-07A1F4055247}"
EndProject
Project("{8BC9CEB8-8B4A-11D0-8D11-00A0C91BC942}") = "array", "array\array.vcxproj", "{DBD4FA85-3318-45BD-A13C-B2AF69F95390}"
EndProject
Global
	GlobalSection(SolutionConfigurationPlatforms) = preSolution
		Debug|x64 = Debug|x64
		Debug|x86 = Debug|x86
		Release|x64 = Release|x64
		Release|x86 = Release|x86
	EndGlobalSection
	GlobalSection(ProjectConfigurationPlatforms) = postSolution
		{8A934172-63E4-4C6D-8A94-A8DEA54FA2D2}.Debug|x64.ActiveCfg = Debug|x64
		{8A934172-63E4-4C6D-8A94-A8DEA54FA2D2}.Debug|x64.Build.0 = Debug|x64
		{8A934172-63E4-4C6D-8A94-A8DEA54FA2D2}.Debug|x86.ActiveCfg = Debug|Win32
		{8A934172-63E4-4C6D-8A94-A8DEA54FA2D2}.Debug|x86.Build.0 = Debug|Win32
		{8A934172-63E4-4C6D-8A94-A8DEA54FA2D2}.Release|x64.ActiveCfg = Release|x64
		{8A934172-63E4-4C6D-8A94-A8DEA54FA2D2}.Release|x64.Build.0 = Release|x64
		{8A934172-63E4-4C6D-8A94-A8DEA54FA2D2}.Release|x86.ActiveCfg = Release|Win32
		{8A934172-63E4-4C6D-8A94-A8DEA54FA2D2}.Release|x86.Build.0 = Release|Win32
		{855619E9-9564-4097-92A6-768334C5A55B}.Debug|x64.ActiveCfg = Debug|x64
		{855619E9-9564-4097-92A6-768334C5A55B}.Debug|x64.Build.0 = Debug|x64
		{855619E9-9564-4097-92A6-768334C5A55B}.Debug|x86.ActiveCfg = Debug|Win32
		{855619E9-9564-4097-92A6-768334C5A55B}.Debug|x86.Build.0 = Debug|Win32
		{855619E9-9564-4097-92A6-768334C5A55B}.Release|x64.ActiveCfg = Release|x64
		{855619E9-9564-4097-92A6-768334C5A55B}.Release|x64.Build.0 = Release|x64
		{855619E9-9564-4097-92A6-768334C5A55B}.Release|x86.ActiveCfg = Release|Win32
		{855619E9-9564-4097-92A6-768334C5A55B}.Release|x86.Build.0 = Release|Win32
		{8DF6C10F-2710-4D1F-BC9D-8FDBDA521A9F}.Debug|x64.ActiveCfg = Debug|x64
		{8DF6C10F-2710-4D1F-BC9D-8FDBDA521A9F}.Debug|x64.Build.0 = Debug|x64
		{8DF6C10F-2710-4D1F-BC9D-8FDBDA521A9F}.Debug|x86.ActiveCfg = Debug|Win32
		{8DF6C10F-2710-4D1F-BC9D-8FDBDA521A9F}.Debug|x86.Build.0 = Debug|Win32
		{8DF6C10F-2710-4D1F-BC9D-8FDBDA521A9F}.Release|x64.ActiveCfg = Release|x64
		{8DF6C10F-2710-4D1F-BC9D-8FDBDA521A9F}.Release|x64.Build.0 = Release|x64
		{8DF6C10F-2710-4D1F-BC9D-8FDBDA521A9F}.Release|x86.ActiveCfg = Release|Win32
		{8DF6C10F-2710-4D1F-BC9D-8FDBDA521A9F}.Release|x86.Build.0 = Release|Win32
		{C68B6194-B919-4E21-9EFB-DE6402DEC152}.Debug|x64.ActiveCfg = Debug|x64
		{C68B6194-B919-4E21-9EFB-DE6402DEC152}.Debug|x64.Build.0 = Debug|x64
		{C68B6194-B919-4E21-9EFB-DE6402DEC152}.Debug|x86.ActiveCfg = Debug|Win32
		{C68B6194-B919-4E21-9EFB-DE6402DEC152}.Debug|x86.Build.0 = Debug|Win32
		{C68B6194-B919-4E21-9EFB-DE6402DEC152}.Release|x64.ActiveCfg = Release|x64
		{C68B6194-B919-4E21-9EFB-DE6402DEC152}.Release|x64.Build.0 = Release|x64
		{C68B6194-B919-4E21-9EFB-DE6402DEC152}.Release|x86.ActiveCfg = Release|Win32
		{C68B6194-B919-4E21-9EFB-DE6402DEC152}.Release|x86.Build.0 = Release|Win32
		{C162DD60-B894-45C0-9FC9-6D69C5D28087}.Debug|x64.ActiveCfg = Debug|x64
		{C162DD60-B894-45C0-9FC9-6D69C5D28087}.Debug|x64.Build.0 = Debug|x64
		{C162DD60-B894-45C0-9FC9-6D69C5D28087}.Debug|x86.ActiveCfg = Debug|Win32
		{C162DD60-B894-45C0-9FC9-6D69C5D28087}.Debug|x86.Build.0 = Debug|Win32
		{C162DD60-B894-45C0-9FC9-6D69C5D28087}.Release|x64.ActiveCfg = Release|x64
		{C162DD60-B894-45C0-9FC9-6D69C5D28087}.Release|x64.Build.0 = Release|x64
		{C162DD60-B894-45C0-9FC9-6D69C5D28087}.Release|x86.ActiveCfg = Release|Win32
		{C162DD60-B894-45C0-9FC9-6D69C5D28087}.Release|x86.Build.0 = Release|Win32
		{7A2F5A62-8080-4F22-9013-34F6C5838FFE}.Debug|x64.ActiveCfg = Debug|x64
		{7A2F5A62-8080-4F22-9013-34F6C5838FFE}.Debug|x64.Build.0 = Debug|x64
		{7A2F5A62-8080-4F22-9013-34F6C5838FFE}.Debug|x86.ActiveCfg = Debug|Win32
		{7A2F5A62-8080-4F22-9013-34F6C5838FFE}.Debug|x86.Build.0 = Debug|Win32
		{7A2F5A62-8080-4F22-9013-34F6C5838FFE}.Release|x64.ActiveCfg = Release|x64
		{7A2F5A62-8080-4F22-9013-34F6C5838FFE}.Release|x64.Build.0 = Release|x64
		{7A2F5A62-8080-4F22-9013-34F6C5838FFE}.Release|x86.ActiveCfg = Release|Win32
		{7A2F5A62-8080-4F22-9013-34F6C5838FFE}.Release|x86.Build.0 = Release|Win32
		{D46EC423-7F36-45DF-9003-07A1F4055247}.Debug|x64.ActiveCfg = Debug|x64
		{D46EC423-7F36-45DF-9003-07A1F4055247}.Debug|x64.Build.0 = Debug|x64
		{D46EC423-7F36-45DF-9003-07A1F4055247}.Debug|x86.ActiveCfg = Debug|Win32
		{D46EC423-7F36-45DF-9003-07A1F4055247}.Debug|x86.Build.0 = Debug|Win32
		{D46EC423-7F36-45DF-9003-07A1F4055247}.Release|x64.ActiveCfg = Release|x64
		{D46EC423-7F36-45DF-9003-07A1F4055247}.Release|x64.Build.0 = Release|x64
		{D46EC423-7F36-45DF-9003-07A1F4055247}.Release|x86.ActiveCfg = Release|Win32
		{D46EC423-7F36-45DF-9003-07A1F4055247}.Release|x86.Build.0 = Release|Win32
		{DBD4FA85-3318-45BD-A13C-B2AF69F95390}.Debug|x64.ActiveCfg = Debug|x64
		{DBD4FA85-3318-45BD-A13C-B2AF69F95390}.Debug|x64.Build.0 = Debug|x64
		{DBD4FA85-3318-45BD-A13C-B2AF69F95390}.Debug|x86.ActiveCfg = Debug|Win32
		{DBD4FA85-3318-45BD-A13C-B2AF69F95390}.Debug|x86.Build.0 = Debug|Win32
		{DBD4FA85-3318-45BD-A13C-B2AF69F95390}.Release|x64.ActiveCfg = Release|x64
		{DBD4FA85-3318-45BD-A13C-B2AF69F95390}.Release|x64.Build.0 = Release|x64
		{DBD4FA85-3318-45BD-A13C-B2AF69F95390}.Release|x86.ActiveCfg = Release|Win32
		{DBD4FA85-3318-45BD-A13C-B2AF69F95390}.Release|x86.Build.0 = Release|Win32
	EndGlobalSection
	GlobalSection(SolutionProperties) = preSolution
		HideSolutionNode = FALSE
	EndGlobalSection
	GlobalSection(ExtensibilityGlobals) = postSolution
		SolutionGuid = {C4492E45-041C-403A-998C-BEC32C066A77}
	EndGlobalSection
EndGlobal
